
Microsoft Visual Studio Solution File, Format Version 12.00
# Visual Studio Version 16
VisualStudioVersion = 16.0.30621.155
MinimumVisualStudioVersion = 10.0.40219.1
Project("{FAE04EC0-301F-11D3-BF4B-00C04F79EFBC}") = "DbHelper.Console", "DbHelper.Console\DbHelper.Console.csproj", "{589C96A7-E8DE-4A12-A245-11DD94505C43}"
EndProject
Project("{FAE04EC0-301F-11D3-BF4B-00C04F79EFBC}") = "DbHelper.ClassGenerator", "dbHelper.ClassGenerator\DbHelper.ClassGenerator.csproj", "{8FC147F9-21F5-45E4-8D51-848F9A0087C2}"
EndProject
Project("{FAE04EC0-301F-11D3-BF4B-00C04F79EFBC}") = "DdHelper.LingToDb", "DBHelper.LingToDb\DdHelper.LingToDb.csproj", "{6243D394-5E6D-4906-972A-632A198EDF10}"
EndProject
Project("{FAE04EC0-301F-11D3-BF4B-00C04F79EFBC}") = "Dbhelper.DataGenerator", "Dbhelper.DataGenerator\Dbhelper.DataGenerator.csproj", "{0EED4B95-BA9C-42C2-99C8-C21E780F8FE7}"
EndProject
Project("{FAE04EC0-301F-11D3-BF4B-00C04F79EFBC}") = "DdHelpers.DomainModels", "DBHelpers.DomainModel\DdHelpers.DomainModels.csproj", "{BDEFDA11-FB61-4A8B-A773-96B8653BDA19}"
EndProject
Global
	GlobalSection(SolutionConfigurationPlatforms) = preSolution
		Debug|Any CPU = Debug|Any CPU
		Release|Any CPU = Release|Any CPU
	EndGlobalSection
	GlobalSection(ProjectConfigurationPlatforms) = postSolution
		{589C96A7-E8DE-4A12-A245-11DD94505C43}.Debug|Any CPU.ActiveCfg = Debug|Any CPU
		{589C96A7-E8DE-4A12-A245-11DD94505C43}.Debug|Any CPU.Build.0 = Debug|Any CPU
		{589C96A7-E8DE-4A12-A245-11DD94505C43}.Release|Any CPU.ActiveCfg = Release|Any CPU
		{589C96A7-E8DE-4A12-A245-11DD94505C43}.Release|Any CPU.Build.0 = Release|Any CPU
		{8FC147F9-21F5-45E4-8D51-848F9A0087C2}.Debug|Any CPU.ActiveCfg = Debug|Any CPU
		{8FC147F9-21F5-45E4-8D51-848F9A0087C2}.Debug|Any CPU.Build.0 = Debug|Any CPU
		{8FC147F9-21F5-45E4-8D51-848F9A0087C2}.Release|Any CPU.ActiveCfg = Release|Any CPU
		{8FC147F9-21F5-45E4-8D51-848F9A0087C2}.Release|Any CPU.Build.0 = Release|Any CPU
		{6243D394-5E6D-4906-972A-632A198EDF10}.Debug|Any CPU.ActiveCfg = Debug|Any CPU
		{6243D394-5E6D-4906-972A-632A198EDF10}.Debug|Any CPU.Build.0 = Debug|Any CPU
		{6243D394-5E6D-4906-972A-632A198EDF10}.Release|Any CPU.ActiveCfg = Release|Any CPU
		{6243D394-5E6D-4906-972A-632A198EDF10}.Release|Any CPU.Build.0 = Release|Any CPU
		{0EED4B95-BA9C-42C2-99C8-C21E780F8FE7}.Debug|Any CPU.ActiveCfg = Debug|Any CPU
		{0EED4B95-BA9C-42C2-99C8-C21E780F8FE7}.Debug|Any CPU.Build.0 = Debug|Any CPU
		{0EED4B95-BA9C-42C2-99C8-C21E780F8FE7}.Release|Any CPU.ActiveCfg = Release|Any CPU
		{0EED4B95-BA9C-42C2-99C8-C21E780F8FE7}.Release|Any CPU.Build.0 = Release|Any CPU
		{BDEFDA11-FB61-4A8B-A773-96B8653BDA19}.Debug|Any CPU.ActiveCfg = Debug|Any CPU
		{BDEFDA11-FB61-4A8B-A773-96B8653BDA19}.Debug|Any CPU.Build.0 = Debug|Any CPU
		{BDEFDA11-FB61-4A8B-A773-96B8653BDA19}.Release|Any CPU.ActiveCfg = Release|Any CPU
		{BDEFDA11-FB61-4A8B-A773-96B8653BDA19}.Release|Any CPU.Build.0 = Release|Any CPU
	EndGlobalSection
	GlobalSection(SolutionProperties) = preSolution
		HideSolutionNode = FALSE
	EndGlobalSection
	GlobalSection(ExtensibilityGlobals) = postSolution
		SolutionGuid = {27BED00F-0CB6-4542-B58B-53F48B938A70}
	EndGlobalSection
EndGlobal
